
Microsoft Visual Studio Solution File, Format Version 12.00
# Visual Studio Version 16
VisualStudioVersion = 16.0.31025.194
MinimumVisualStudioVersion = 10.0.40219.1
Project("{FAE04EC0-301F-11D3-BF4B-00C04F79EFBC}") = "WebNoiThat", "WebNoiThat\WebNoiThat.csproj", "{37DCD34A-AFD8-4C79-9B88-7C9750D94B2E}"
	ProjectSection(ProjectDependencies) = postProject
		{EE34B2F9-5F56-426A-A720-575FA30A6587} = {EE34B2F9-5F56-426A-A720-575FA30A6587}
	EndProjectSection
EndProject
Project("{FAE04EC0-301F-11D3-BF4B-00C04F79EFBC}") = "WebNoiThatWebService", "WebNoiThatWebService\WebNoiThatWebService.csproj", "{EE34B2F9-5F56-426A-A720-575FA30A6587}"
EndProject
Global
	GlobalSection(SolutionConfigurationPlatforms) = preSolution
		Debug|Any CPU = Debug|Any CPU
		Release|Any CPU = Release|Any CPU
	EndGlobalSection
	GlobalSection(ProjectConfigurationPlatforms) = postSolution
		{37DCD34A-AFD8-4C79-9B88-7C9750D94B2E}.Debug|Any CPU.ActiveCfg = Debug|Any CPU
		{37DCD34A-AFD8-4C79-9B88-7C9750D94B2E}.Debug|Any CPU.Build.0 = Debug|Any CPU
		{37DCD34A-AFD8-4C79-9B88-7C9750D94B2E}.Release|Any CPU.ActiveCfg = Release|Any CPU
		{37DCD34A-AFD8-4C79-9B88-7C9750D94B2E}.Release|Any CPU.Build.0 = Release|Any CPU
		{EE34B2F9-5F56-426A-A720-575FA30A6587}.Debug|Any CPU.ActiveCfg = Debug|Any CPU
		{EE34B2F9-5F56-426A-A720-575FA30A6587}.Debug|Any CPU.Build.0 = Debug|Any CPU
		{EE34B2F9-5F56-426A-A720-575FA30A6587}.Release|Any CPU.ActiveCfg = Release|Any CPU
		{EE34B2F9-5F56-426A-A720-575FA30A6587}.Release|Any CPU.Build.0 = Release|Any CPU
	EndGlobalSection
	GlobalSection(SolutionProperties) = preSolution
		HideSolutionNode = FALSE
	EndGlobalSection
	GlobalSection(ExtensibilityGlobals) = postSolution
		SolutionGuid = {D935C68D-4BBB-4DC8-8F65-27398924E5C7}
	EndGlobalSection
EndGlobal
